// !$*UTF8*$!
{
	archiveVersion = 1;
	classes = {
	};
	objectVersion = 46;
	objects = {

/* Begin PBXBuildFile section */
		EC1623501BBC55A900E04DD9 /* AppDelegate.swift in Sources */ = {isa = PBXBuildFile; fileRef = EC16234F1BBC55A900E04DD9 /* AppDelegate.swift */; };
		EC1623521BBC55A900E04DD9 /* MasterViewController.swift in Sources */ = {isa = PBXBuildFile; fileRef = EC1623511BBC55A900E04DD9 /* MasterViewController.swift */; };
		EC1623541BBC55A900E04DD9 /* DetailViewController.swift in Sources */ = {isa = PBXBuildFile; fileRef = EC1623531BBC55A900E04DD9 /* DetailViewController.swift */; };
		EC1623571BBC55A900E04DD9 /* Main.storyboard in Resources */ = {isa = PBXBuildFile; fileRef = EC1623551BBC55A900E04DD9 /* Main.storyboard */; };
		EC1623591BBC55A900E04DD9 /* Assets.xcassets in Resources */ = {isa = PBXBuildFile; fileRef = EC1623581BBC55A900E04DD9 /* Assets.xcassets */; };
		EC16235C1BBC55A900E04DD9 /* LaunchScreen.storyboard in Resources */ = {isa = PBXBuildFile; fileRef = EC16235A1BBC55A900E04DD9 /* LaunchScreen.storyboard */; };
/* End PBXBuildFile section */

/* Begin PBXFileReference section */
		EC16234C1BBC55A900E04DD9 /* Get SID.app */ = {isa = PBXFileReference; explicitFileType = wrapper.application; includeInIndex = 0; path = "Get SID.app"; sourceTree = BUILT_PRODUCTS_DIR; };
		EC16234F1BBC55A900E04DD9 /* AppDelegate.swift */ = {isa = PBXFileReference; lastKnownFileType = sourcecode.swift; path = AppDelegate.swift; sourceTree = "<group>"; };
		EC1623511BBC55A900E04DD9 /* MasterViewController.swift */ = {isa = PBXFileReference; lastKnownFileType = sourcecode.swift; path = MasterViewController.swift; sourceTree = "<group>"; };
		EC1623531BBC55A900E04DD9 /* DetailViewController.swift */ = {isa = PBXFileReference; lastKnownFileType = sourcecode.swift; path = DetailViewController.swift; sourceTree = "<group>"; };
		EC1623561BBC55A900E04DD9 /* Base */ = {isa = PBXFileReference; lastKnownFileType = file.storyboard; name = Base; path = Base.lproj/Main.storyboard; sourceTree = "<group>"; };
		EC1623581BBC55A900E04DD9 /* Assets.xcassets */ = {isa = PBXFileReference; lastKnownFileType = folder.assetcatalog; path = Assets.xcassets; sourceTree = "<group>"; };
		EC16235B1BBC55A900E04DD9 /* Base */ = {isa = PBXFileReference; lastKnownFileType = file.storyboard; name = Base; path = Base.lproj/LaunchScreen.storyboard; sourceTree = "<group>"; };
		EC16235D1BBC55A900E04DD9 /* Info.plist */ = {isa = PBXFileReference; lastKnownFileType = text.plist.xml; path = Info.plist; sourceTree = "<group>"; };
/* End PBXFileReference section */

/* Begin PBXFrameworksBuildPhase section */
		EC1623491BBC55A900E04DD9 /* Frameworks */ = {
			isa = PBXFrameworksBuildPhase;
			buildActionMask = 2147483647;
			files = (
			);
			runOnlyForDeploymentPostprocessing = 0;
		};
/* End PBXFrameworksBuildPhase section */

/* Begin PBXGroup section */
		EC1623431BBC55A800E04DD9 = {
			isa = PBXGroup;
			children = (
				EC16234E1BBC55A900E04DD9 /* Get SID */,
				EC16234D1BBC55A900E04DD9 /* Products */,
			);
			sourceTree = "<group>";
		};
		EC16234D1BBC55A900E04DD9 /* Products */ = {
			isa = PBXGroup;
			children = (
				EC16234C1BBC55A900E04DD9 /* Get SID.app */,
			);
			name = Products;
			sourceTree = "<group>";
		};
		EC16234E1BBC55A900E04DD9 /* Get SID */ = {
			isa = PBXGroup;
			children = (
				EC16234F1BBC55A900E04DD9 /* AppDelegate.swift */,
				EC1623511BBC55A900E04DD9 /* MasterViewController.swift */,
				EC1623531BBC55A900E04DD9 /* DetailViewController.swift */,
				EC1623551BBC55A900E04DD9 /* Main.storyboard */,
				EC1623581BBC55A900E04DD9 /* Assets.xcassets */,
				EC16235A1BBC55A900E04DD9 /* LaunchScreen.storyboard */,
				EC16235D1BBC55A900E04DD9 /* Info.plist */,
			);
			path = "Get SID";
			sourceTree = "<group>";
		};
/* End PBXGroup section */

/* Begin PBXNativeTarget section */
		EC16234B1BBC55A900E04DD9 /* Get SID */ = {
			isa = PBXNativeTarget;
			buildConfigurationList = EC1623601BBC55A900E04DD9 /* Build configuration list for PBXNativeTarget "Get SID" */;
			buildPhases = (
				EC1623481BBC55A900E04DD9 /* Sources */,
				EC1623491BBC55A900E04DD9 /* Frameworks */,
				EC16234A1BBC55A900E04DD9 /* Resources */,
			);
			buildRules = (
			);
			dependencies = (
			);
			name = "Get SID";
			productName = "Get SID";
			productReference = EC16234C1BBC55A900E04DD9 /* Get SID.app */;
			productType = "com.apple.product-type.application";
		};
/* End PBXNativeTarget section */

/* Begin PBXProject section */
		EC1623441BBC55A800E04DD9 /* Project object */ = {
			isa = PBXProject;
			attributes = {
				LastUpgradeCheck = 0700;
				ORGANIZATIONNAME = "Kyle Harding";
				TargetAttributes = {
					EC16234B1BBC55A900E04DD9 = {
						CreatedOnToolsVersion = 7.0;
					};
				};
			};
			buildConfigurationList = EC1623471BBC55A800E04DD9 /* Build configuration list for PBXProject "Get SID" */;
			compatibilityVersion = "Xcode 3.2";
			developmentRegion = English;
			hasScannedForEncodings = 0;
			knownRegions = (
				en,
				Base,
			);
			mainGroup = EC1623431BBC55A800E04DD9;
			productRefGroup = EC16234D1BBC55A900E04DD9 /* Products */;
			projectDirPath = "";
			projectRoot = "";
			targets = (
				EC16234B1BBC55A900E04DD9 /* Get SID */,
			);
		};
/* End PBXProject section */

/* Begin PBXResourcesBuildPhase section */
		EC16234A1BBC55A900E04DD9 /* Resources */ = {
			isa = PBXResourcesBuildPhase;
			buildActionMask = 2147483647;
			files = (
				EC16235C1BBC55A900E04DD9 /* LaunchScreen.storyboard in Resources */,
				EC1623591BBC55A900E04DD9 /* Assets.xcassets in Resources */,
				EC1623571BBC55A900E04DD9 /* Main.storyboard in Resources */,
			);
			runOnlyForDeploymentPostprocessing = 0;
		};
/* End PBXResourcesBuildPhase section */

/* Begin PBXSourcesBuildPhase section */
		EC1623481BBC55A900E04DD9 /* Sources */ = {
			isa = PBXSourcesBuildPhase;
			buildActionMask = 2147483647;
			files = (
				EC1623541BBC55A900E04DD9 /* DetailViewController.swift in Sources */,
				EC1623521BBC55A900E04DD9 /* MasterViewController.swift in Sources */,
				EC1623501BBC55A900E04DD9 /* AppDelegate.swift in Sources */,
			);
			runOnlyForDeploymentPostprocessing = 0;
		};
/* End PBXSourcesBuildPhase section */

/* Begin PBXVariantGroup section */
		EC1623551BBC55A900E04DD9 /* Main.storyboard */ = {
			isa = PBXVariantGroup;
			children = (
				EC1623561BBC55A900E04DD9 /* Base */,
			);
			name = Main.storyboard;
			sourceTree = "<group>";
		};
		EC16235A1BBC55A900E04DD9 /* LaunchScreen.storyboard */ = {
			isa = PBXVariantGroup;
			children = (
				EC16235B1BBC55A900E04DD9 /* Base */,
			);
			name = LaunchScreen.storyboard;
			sourceTree = "<group>";
		};
/* End PBXVariantGroup section */

/* Begin XCBuildConfiguration section */
		EC16235E1BBC55A900E04DD9 /* Debug */ = {
			isa = XCBuildConfiguration;
			buildSettings = {
				ALWAYS_SEARCH_USER_PATHS = NO;
				CLANG_CXX_LANGUAGE_STANDARD = "gnu++0x";
				CLANG_CXX_LIBRARY = "libc++";
				CLANG_ENABLE_MODULES = YES;
				CLANG_ENABLE_OBJC_ARC = YES;
				CLANG_WARN_BOOL_CONVERSION = YES;
				CLANG_WARN_CONSTANT_CONVERSION = YES;
				CLANG_WARN_DIRECT_OBJC_ISA_USAGE = YES_ERROR;
				CLANG_WARN_EMPTY_BODY = YES;
				CLANG_WARN_ENUM_CONVERSION = YES;
				CLANG_WARN_INT_CONVERSION = YES;
				CLANG_WARN_OBJC_ROOT_CLASS = YES_ERROR;
				CLANG_WARN_UNREACHABLE_CODE = YES;
				CLANG_WARN__DUPLICATE_METHOD_MATCH = YES;
				"CODE_SIGN_IDENTITY[sdk=iphoneos*]" = "iPhone Developer";
				COPY_PHASE_STRIP = NO;
				DEBUG_INFORMATION_FORMAT = dwarf;
				ENABLE_STRICT_OBJC_MSGSEND = YES;
				ENABLE_TESTABILITY = YES;
				GCC_C_LANGUAGE_STANDARD = gnu99;
				GCC_DYNAMIC_NO_PIC = NO;
				GCC_NO_COMMON_BLOCKS = YES;
				GCC_OPTIMIZATION_LEVEL = 0;
				GCC_PREPROCESSOR_DEFINITIONS = (
					"DEBUG=1",
					"$(inherited)",
				);
				GCC_WARN_64_TO_32_BIT_CONVERSION = YES;
				GCC_WARN_ABOUT_RETURN_TYPE = YES_ERROR;
				GCC_WARN_UNDECLARED_SELECTOR = YES;
				GCC_WARN_UNINITIALIZED_AUTOS = YES_AGGRESSIVE;
				GCC_WARN_UNUSED_FUNCTION = YES;
				GCC_WARN_UNUSED_VARIABLE = YES;
				IPHONEOS_DEPLOYMENT_TARGET = 9.0;
				MTL_ENABLE_DEBUG_INFO = YES;
				ONLY_ACTIVE_ARCH = YES;
				SDKROOT = iphoneos;
				SWIFT_OPTIMIZATION_LEVEL = "-Onone";
				TARGETED_DEVICE_FAMILY = "1,2";
			};
			name = Debug;
		};
		EC16235F1BBC55A900E04DD9 /* Release */ = {
			isa = XCBuildConfiguration;
			buildSettings = {
				ALWAYS_SEARCH_USER_PATHS = NO;
				CLANG_CXX_LANGUAGE_STANDARD = "gnu++0x";
				CLANG_CXX_LIBRARY = "libc++";
				CLANG_ENABLE_MODULES = YES;
				CLANG_ENABLE_OBJC_ARC = YES;
				CLANG_WARN_BOOL_CONVERSION = YES;
				CLANG_WARN_CONSTANT_CONVERSION = YES;
				CLANG_WARN_DIRECT_OBJC_ISA_USAGE = YES_ERROR;
				CLANG_WARN_EMPTY_BODY = YES;
				CLANG_WARN_ENUM_CONVERSION = YES;
				CLANG_WARN_INT_CONVERSION = YES;
				CLANG_WARN_OBJC_ROOT_CLASS = YES_ERROR;
				CLANG_WARN_UNREACHABLE_CODE = YES;
				CLANG_WARN__DUPLICATE_METHOD_MATCH = YES;
				"CODE_SIGN_IDENTITY[sdk=iphoneos*]" = "iPhone Developer";
				COPY_PHASE_STRIP = NO;
				DEBUG_INFORMATION_FORMAT = "dwarf-with-dsym";
				ENABLE_NS_ASSERTIONS = NO;
				ENABLE_STRICT_OBJC_MSGSEND = YES;
				GCC_C_LANGUAGE_STANDARD = gnu99;
				GCC_NO_COMMON_BLOCKS = YES;
				GCC_WARN_64_TO_32_BIT_CONVERSION = YES;
				GCC_WARN_ABOUT_RETURN_TYPE = YES_ERROR;
				GCC_WARN_UNDECLARED_SELECTOR = YES;
				GCC_WARN_UNINITIALIZED_AUTOS = YES_AGGRESSIVE;
				GCC_WARN_UNUSED_FUNCTION = YES;
				GCC_WARN_UNUSED_VARIABLE = YES;
				IPHONEOS_DEPLOYMENT_TARGET = 9.0;
				MTL_ENABLE_DEBUG_INFO = NO;
				SDKROOT = iphoneos;
				TARGETED_DEVICE_FAMILY = "1,2";
				VALIDATE_PRODUCT = YES;
			};
			name = Release;
		};
		EC1623611BBC55A900E04DD9 /* Debug */ = {
			isa = XCBuildConfiguration;
			buildSettings = {
				ASSETCATALOG_COMPILER_APPICON_NAME = AppIcon;
				INFOPLIST_FILE = "Get SID/Info.plist";
				LD_RUNPATH_SEARCH_PATHS = "$(inherited) @executable_path/Frameworks";
				PRODUCT_BUNDLE_IDENTIFIER = "com.harding.Get-SID";
				PRODUCT_NAME = "$(TARGET_NAME)";
			};
			name = Debug;
		};
		EC1623621BBC55A900E04DD9 /* Release */ = {
			isa = XCBuildConfiguration;
			buildSettings = {
				ASSETCATALOG_COMPILER_APPICON_NAME = AppIcon;
				INFOPLIST_FILE = "Get SID/Info.plist";
				LD_RUNPATH_SEARCH_PATHS = "$(inherited) @executable_path/Frameworks";
				PRODUCT_BUNDLE_IDENTIFIER = "com.harding.Get-SID";
				PRODUCT_NAME = "$(TARGET_NAME)";
			};
			name = Release;
		};
/* End XCBuildConfiguration section */

/* Begin XCConfigurationList section */
		EC1623471BBC55A800E04DD9 /* Build configuration list for PBXProject "Get SID" */ = {
			isa = XCConfigurationList;
			buildConfigurations = (
				EC16235E1BBC55A900E04DD9 /* Debug */,
				EC16235F1BBC55A900E04DD9 /* Release */,
			);
			defaultConfigurationIsVisible = 0;
			defaultConfigurationName = Release;
		};
		EC1623601BBC55A900E04DD9 /* Build configuration list for PBXNativeTarget "Get SID" */ = {
			isa = XCConfigurationList;
			buildConfigurations = (
				EC1623611BBC55A900E04DD9 /* Debug */,
				EC1623621BBC55A900E04DD9 /* Release */,
			);
			defaultConfigurationIsVisible = 0;
		};
/* End XCConfigurationList section */
	};
	rootObject = EC1623441BBC55A800E04DD9 /* Project object */;
}
