// !$*UTF8*$!
{
	archiveVersion = 1;
	classes = {
	};
	objectVersion = 46;
	objects = {

/* Begin PBXBuildFile section */
		EC1623701BBC55D900E04DD9 /* AppDelegate.swift in Sources */ = {isa = PBXBuildFile; fileRef = EC16236F1BBC55D900E04DD9 /* AppDelegate.swift */; };
		EC1623721BBC55D900E04DD9 /* ViewController.swift in Sources */ = {isa = PBXBuildFile; fileRef = EC1623711BBC55D900E04DD9 /* ViewController.swift */; };
		EC1623751BBC55D900E04DD9 /* Main.storyboard in Resources */ = {isa = PBXBuildFile; fileRef = EC1623731BBC55D900E04DD9 /* Main.storyboard */; };
		EC1623771BBC55D900E04DD9 /* Assets.xcassets in Resources */ = {isa = PBXBuildFile; fileRef = EC1623761BBC55D900E04DD9 /* Assets.xcassets */; };
		EC16237A1BBC55D900E04DD9 /* LaunchScreen.storyboard in Resources */ = {isa = PBXBuildFile; fileRef = EC1623781BBC55D900E04DD9 /* LaunchScreen.storyboard */; };
/* End PBXBuildFile section */

/* Begin PBXFileReference section */
		EC16236C1BBC55D900E04DD9 /* Get Network Info.app */ = {isa = PBXFileReference; explicitFileType = wrapper.application; includeInIndex = 0; path = "Get Network Info.app"; sourceTree = BUILT_PRODUCTS_DIR; };
		EC16236F1BBC55D900E04DD9 /* AppDelegate.swift */ = {isa = PBXFileReference; lastKnownFileType = sourcecode.swift; path = AppDelegate.swift; sourceTree = "<group>"; };
		EC1623711BBC55D900E04DD9 /* ViewController.swift */ = {isa = PBXFileReference; lastKnownFileType = sourcecode.swift; path = ViewController.swift; sourceTree = "<group>"; };
		EC1623741BBC55D900E04DD9 /* Base */ = {isa = PBXFileReference; lastKnownFileType = file.storyboard; name = Base; path = Base.lproj/Main.storyboard; sourceTree = "<group>"; };
		EC1623761BBC55D900E04DD9 /* Assets.xcassets */ = {isa = PBXFileReference; lastKnownFileType = folder.assetcatalog; path = Assets.xcassets; sourceTree = "<group>"; };
		EC1623791BBC55D900E04DD9 /* Base */ = {isa = PBXFileReference; lastKnownFileType = file.storyboard; name = Base; path = Base.lproj/LaunchScreen.storyboard; sourceTree = "<group>"; };
		EC16237B1BBC55D900E04DD9 /* Info.plist */ = {isa = PBXFileReference; lastKnownFileType = text.plist.xml; path = Info.plist; sourceTree = "<group>"; };
/* End PBXFileReference section */

/* Begin PBXFrameworksBuildPhase section */
		EC1623691BBC55D900E04DD9 /* Frameworks */ = {
			isa = PBXFrameworksBuildPhase;
			buildActionMask = 2147483647;
			files = (
			);
			runOnlyForDeploymentPostprocessing = 0;
		};
/* End PBXFrameworksBuildPhase section */

/* Begin PBXGroup section */
		EC1623631BBC55D900E04DD9 = {
			isa = PBXGroup;
			children = (
				EC16236E1BBC55D900E04DD9 /* Get Network Info */,
				EC16236D1BBC55D900E04DD9 /* Products */,
			);
			sourceTree = "<group>";
		};
		EC16236D1BBC55D900E04DD9 /* Products */ = {
			isa = PBXGroup;
			children = (
				EC16236C1BBC55D900E04DD9 /* Get Network Info.app */,
			);
			name = Products;
			sourceTree = "<group>";
		};
		EC16236E1BBC55D900E04DD9 /* Get Network Info */ = {
			isa = PBXGroup;
			children = (
				EC16236F1BBC55D900E04DD9 /* AppDelegate.swift */,
				EC1623711BBC55D900E04DD9 /* ViewController.swift */,
				EC1623731BBC55D900E04DD9 /* Main.storyboard */,
				EC1623761BBC55D900E04DD9 /* Assets.xcassets */,
				EC1623781BBC55D900E04DD9 /* LaunchScreen.storyboard */,
				EC16237B1BBC55D900E04DD9 /* Info.plist */,
			);
			path = "Get Network Info";
			sourceTree = "<group>";
		};
/* End PBXGroup section */

/* Begin PBXNativeTarget section */
		EC16236B1BBC55D900E04DD9 /* Get Network Info */ = {
			isa = PBXNativeTarget;
			buildConfigurationList = EC16237E1BBC55D900E04DD9 /* Build configuration list for PBXNativeTarget "Get Network Info" */;
			buildPhases = (
				EC1623681BBC55D900E04DD9 /* Sources */,
				EC1623691BBC55D900E04DD9 /* Frameworks */,
				EC16236A1BBC55D900E04DD9 /* Resources */,
			);
			buildRules = (
			);
			dependencies = (
			);
			name = "Get Network Info";
			productName = "Get Network Info";
			productReference = EC16236C1BBC55D900E04DD9 /* Get Network Info.app */;
			productType = "com.apple.product-type.application";
		};
/* End PBXNativeTarget section */

/* Begin PBXProject section */
		EC1623641BBC55D900E04DD9 /* Project object */ = {
			isa = PBXProject;
			attributes = {
				LastUpgradeCheck = 0700;
				ORGANIZATIONNAME = "Kyle Harding";
				TargetAttributes = {
					EC16236B1BBC55D900E04DD9 = {
						CreatedOnToolsVersion = 7.0;
					};
				};
			};
			buildConfigurationList = EC1623671BBC55D900E04DD9 /* Build configuration list for PBXProject "Get Network Info" */;
			compatibilityVersion = "Xcode 3.2";
			developmentRegion = English;
			hasScannedForEncodings = 0;
			knownRegions = (
				en,
				Base,
			);
			mainGroup = EC1623631BBC55D900E04DD9;
			productRefGroup = EC16236D1BBC55D900E04DD9 /* Products */;
			projectDirPath = "";
			projectRoot = "";
			targets = (
				EC16236B1BBC55D900E04DD9 /* Get Network Info */,
			);
		};
/* End PBXProject section */

/* Begin PBXResourcesBuildPhase section */
		EC16236A1BBC55D900E04DD9 /* Resources */ = {
			isa = PBXResourcesBuildPhase;
			buildActionMask = 2147483647;
			files = (
				EC16237A1BBC55D900E04DD9 /* LaunchScreen.storyboard in Resources */,
				EC1623771BBC55D900E04DD9 /* Assets.xcassets in Resources */,
				EC1623751BBC55D900E04DD9 /* Main.storyboard in Resources */,
			);
			runOnlyForDeploymentPostprocessing = 0;
		};
/* End PBXResourcesBuildPhase section */

/* Begin PBXSourcesBuildPhase section */
		EC1623681BBC55D900E04DD9 /* Sources */ = {
			isa = PBXSourcesBuildPhase;
			buildActionMask = 2147483647;
			files = (
				EC1623721BBC55D900E04DD9 /* ViewController.swift in Sources */,
				EC1623701BBC55D900E04DD9 /* AppDelegate.swift in Sources */,
			);
			runOnlyForDeploymentPostprocessing = 0;
		};
/* End PBXSourcesBuildPhase section */

/* Begin PBXVariantGroup section */
		EC1623731BBC55D900E04DD9 /* Main.storyboard */ = {
			isa = PBXVariantGroup;
			children = (
				EC1623741BBC55D900E04DD9 /* Base */,
			);
			name = Main.storyboard;
			sourceTree = "<group>";
		};
		EC1623781BBC55D900E04DD9 /* LaunchScreen.storyboard */ = {
			isa = PBXVariantGroup;
			children = (
				EC1623791BBC55D900E04DD9 /* Base */,
			);
			name = LaunchScreen.storyboard;
			sourceTree = "<group>";
		};
/* End PBXVariantGroup section */

/* Begin XCBuildConfiguration section */
		EC16237C1BBC55D900E04DD9 /* Debug */ = {
			isa = XCBuildConfiguration;
			buildSettings = {
				ALWAYS_SEARCH_USER_PATHS = NO;
				CLANG_CXX_LANGUAGE_STANDARD = "gnu++0x";
				CLANG_CXX_LIBRARY = "libc++";
				CLANG_ENABLE_MODULES = YES;
				CLANG_ENABLE_OBJC_ARC = YES;
				CLANG_WARN_BOOL_CONVERSION = YES;
				CLANG_WARN_CONSTANT_CONVERSION = YES;
				CLANG_WARN_DIRECT_OBJC_ISA_USAGE = YES_ERROR;
				CLANG_WARN_EMPTY_BODY = YES;
				CLANG_WARN_ENUM_CONVERSION = YES;
				CLANG_WARN_INT_CONVERSION = YES;
				CLANG_WARN_OBJC_ROOT_CLASS = YES_ERROR;
				CLANG_WARN_UNREACHABLE_CODE = YES;
				CLANG_WARN__DUPLICATE_METHOD_MATCH = YES;
				"CODE_SIGN_IDENTITY[sdk=iphoneos*]" = "iPhone Developer";
				COPY_PHASE_STRIP = NO;
				DEBUG_INFORMATION_FORMAT = dwarf;
				ENABLE_STRICT_OBJC_MSGSEND = YES;
				ENABLE_TESTABILITY = YES;
				GCC_C_LANGUAGE_STANDARD = gnu99;
				GCC_DYNAMIC_NO_PIC = NO;
				GCC_NO_COMMON_BLOCKS = YES;
				GCC_OPTIMIZATION_LEVEL = 0;
				GCC_PREPROCESSOR_DEFINITIONS = (
					"DEBUG=1",
					"$(inherited)",
				);
				GCC_WARN_64_TO_32_BIT_CONVERSION = YES;
				GCC_WARN_ABOUT_RETURN_TYPE = YES_ERROR;
				GCC_WARN_UNDECLARED_SELECTOR = YES;
				GCC_WARN_UNINITIALIZED_AUTOS = YES_AGGRESSIVE;
				GCC_WARN_UNUSED_FUNCTION = YES;
				GCC_WARN_UNUSED_VARIABLE = YES;
				IPHONEOS_DEPLOYMENT_TARGET = 9.0;
				MTL_ENABLE_DEBUG_INFO = YES;
				ONLY_ACTIVE_ARCH = YES;
				SDKROOT = iphoneos;
				SWIFT_OPTIMIZATION_LEVEL = "-Onone";
				TARGETED_DEVICE_FAMILY = "1,2";
			};
			name = Debug;
		};
		EC16237D1BBC55D900E04DD9 /* Release */ = {
			isa = XCBuildConfiguration;
			buildSettings = {
				ALWAYS_SEARCH_USER_PATHS = NO;
				CLANG_CXX_LANGUAGE_STANDARD = "gnu++0x";
				CLANG_CXX_LIBRARY = "libc++";
				CLANG_ENABLE_MODULES = YES;
				CLANG_ENABLE_OBJC_ARC = YES;
				CLANG_WARN_BOOL_CONVERSION = YES;
				CLANG_WARN_CONSTANT_CONVERSION = YES;
				CLANG_WARN_DIRECT_OBJC_ISA_USAGE = YES_ERROR;
				CLANG_WARN_EMPTY_BODY = YES;
				CLANG_WARN_ENUM_CONVERSION = YES;
				CLANG_WARN_INT_CONVERSION = YES;
				CLANG_WARN_OBJC_ROOT_CLASS = YES_ERROR;
				CLANG_WARN_UNREACHABLE_CODE = YES;
				CLANG_WARN__DUPLICATE_METHOD_MATCH = YES;
				"CODE_SIGN_IDENTITY[sdk=iphoneos*]" = "iPhone Developer";
				COPY_PHASE_STRIP = NO;
				DEBUG_INFORMATION_FORMAT = "dwarf-with-dsym";
				ENABLE_NS_ASSERTIONS = NO;
				ENABLE_STRICT_OBJC_MSGSEND = YES;
				GCC_C_LANGUAGE_STANDARD = gnu99;
				GCC_NO_COMMON_BLOCKS = YES;
				GCC_WARN_64_TO_32_BIT_CONVERSION = YES;
				GCC_WARN_ABOUT_RETURN_TYPE = YES_ERROR;
				GCC_WARN_UNDECLARED_SELECTOR = YES;
				GCC_WARN_UNINITIALIZED_AUTOS = YES_AGGRESSIVE;
				GCC_WARN_UNUSED_FUNCTION = YES;
				GCC_WARN_UNUSED_VARIABLE = YES;
				IPHONEOS_DEPLOYMENT_TARGET = 9.0;
				MTL_ENABLE_DEBUG_INFO = NO;
				SDKROOT = iphoneos;
				TARGETED_DEVICE_FAMILY = "1,2";
				VALIDATE_PRODUCT = YES;
			};
			name = Release;
		};
		EC16237F1BBC55D900E04DD9 /* Debug */ = {
			isa = XCBuildConfiguration;
			buildSettings = {
				ASSETCATALOG_COMPILER_APPICON_NAME = AppIcon;
				INFOPLIST_FILE = "Get Network Info/Info.plist";
				LD_RUNPATH_SEARCH_PATHS = "$(inherited) @executable_path/Frameworks";
				PRODUCT_BUNDLE_IDENTIFIER = "com.harding.Get-Network-Info";
				PRODUCT_NAME = "$(TARGET_NAME)";
			};
			name = Debug;
		};
		EC1623801BBC55D900E04DD9 /* Release */ = {
			isa = XCBuildConfiguration;
			buildSettings = {
				ASSETCATALOG_COMPILER_APPICON_NAME = AppIcon;
				INFOPLIST_FILE = "Get Network Info/Info.plist";
				LD_RUNPATH_SEARCH_PATHS = "$(inherited) @executable_path/Frameworks";
				PRODUCT_BUNDLE_IDENTIFIER = "com.harding.Get-Network-Info";
				PRODUCT_NAME = "$(TARGET_NAME)";
			};
			name = Release;
		};
/* End XCBuildConfiguration section */

/* Begin XCConfigurationList section */
		EC1623671BBC55D900E04DD9 /* Build configuration list for PBXProject "Get Network Info" */ = {
			isa = XCConfigurationList;
			buildConfigurations = (
				EC16237C1BBC55D900E04DD9 /* Debug */,
				EC16237D1BBC55D900E04DD9 /* Release */,
			);
			defaultConfigurationIsVisible = 0;
			defaultConfigurationName = Release;
		};
		EC16237E1BBC55D900E04DD9 /* Build configuration list for PBXNativeTarget "Get Network Info" */ = {
			isa = XCConfigurationList;
			buildConfigurations = (
				EC16237F1BBC55D900E04DD9 /* Debug */,
				EC1623801BBC55D900E04DD9 /* Release */,
			);
			defaultConfigurationIsVisible = 0;
		};
/* End XCConfigurationList section */
	};
	rootObject = EC1623641BBC55D900E04DD9 /* Project object */;
}
