// !$*UTF8*$!
{
	archiveVersion = 1;
	classes = {
	};
	objectVersion = 46;
	objects = {

/* Begin PBXBuildFile section */
		1738CB9F1C6D4100009F8FA4 /* SignInViewController.swift in Sources */ = {isa = PBXBuildFile; fileRef = 1738CB9E1C6D4100009F8FA4 /* SignInViewController.swift */; };
		1738CBC11C6E87A0009F8FA4 /* AppDelegate.swift in Sources */ = {isa = PBXBuildFile; fileRef = 1738CBC01C6E87A0009F8FA4 /* AppDelegate.swift */; };
		17A58F8D1C7D14A8005B5F6B /* UtilityFunctions.swift in Sources */ = {isa = PBXBuildFile; fileRef = 17A58F8C1C7D14A8005B5F6B /* UtilityFunctions.swift */; };
		17FCEC661C97727F006EA44F /* libz.tbd in Frameworks */ = {isa = PBXBuildFile; fileRef = 17FCEC651C97727F006EA44F /* libz.tbd */; };
		17FCEC681C977287006EA44F /* libsqlite3.tbd in Frameworks */ = {isa = PBXBuildFile; fileRef = 17FCEC671C977287006EA44F /* libsqlite3.tbd */; };
		17FCEC6F1C989083006EA44F /* AWSMobileClient.swift in Sources */ = {isa = PBXBuildFile; fileRef = 17FCEC6C1C989083006EA44F /* AWSMobileClient.swift */; };
		17FCEC741C993975006EA44F /* AWSMobileHubHelper.framework in Frameworks */ = {isa = PBXBuildFile; fileRef = 17FCEC731C993975006EA44F /* AWSMobileHubHelper.framework */; };
		17FCEC811C993A67006EA44F /* AWSCore.framework in Frameworks */ = {isa = PBXBuildFile; fileRef = 17FCEC751C993A01006EA44F /* AWSCore.framework */; };
		17FCEC821C993A67006EA44F /* AWSCore.framework in Embed Frameworks */ = {isa = PBXBuildFile; fileRef = 17FCEC751C993A01006EA44F /* AWSCore.framework */; settings = {ATTRIBUTES = (CodeSignOnCopy, RemoveHeadersOnCopy, ); }; };
		17FCEC841C993A67006EA44F /* (null) in Embed Frameworks */ = {isa = PBXBuildFile; settings = {ATTRIBUTES = (CodeSignOnCopy, RemoveHeadersOnCopy, ); }; };
		17FCEC861C993A67006EA44F /* (null) in Embed Frameworks */ = {isa = PBXBuildFile; settings = {ATTRIBUTES = (CodeSignOnCopy, RemoveHeadersOnCopy, ); }; };
		17FCEC881C993A67006EA44F /* (null) in Embed Frameworks */ = {isa = PBXBuildFile; settings = {ATTRIBUTES = (CodeSignOnCopy, RemoveHeadersOnCopy, ); }; };
		17FCEC8A1C993A67006EA44F /* (null) in Embed Frameworks */ = {isa = PBXBuildFile; settings = {ATTRIBUTES = (CodeSignOnCopy, RemoveHeadersOnCopy, ); }; };
		17FCEC8C1C993A67006EA44F /* (null) in Embed Frameworks */ = {isa = PBXBuildFile; settings = {ATTRIBUTES = (CodeSignOnCopy, RemoveHeadersOnCopy, ); }; };
		6BCB928D1BAF889F00475B9E /* CoreMotion.framework in Frameworks */ = {isa = PBXBuildFile; fileRef = 6BCB928C1BAF889F00475B9E /* CoreMotion.framework */; };
		6BCB92911BAF88D600475B9E /* CoreLocation.framework in Frameworks */ = {isa = PBXBuildFile; fileRef = 6BCB92901BAF88D600475B9E /* CoreLocation.framework */; };
		6BCB92931BAF896700475B9E /* AddressBook.framework in Frameworks */ = {isa = PBXBuildFile; fileRef = 6BCB92921BAF896700475B9E /* AddressBook.framework */; };
		6BFF25811B5E360F002364F9 /* AssetsLibrary.framework in Frameworks */ = {isa = PBXBuildFile; fileRef = 6BFF25801B5E360F002364F9 /* AssetsLibrary.framework */; };
		6BFF25831B5E3617002364F9 /* Foundation.framework in Frameworks */ = {isa = PBXBuildFile; fileRef = 6BFF25821B5E3617002364F9 /* Foundation.framework */; };
		6BFF258D1B5E364D002364F9 /* MediaPlayer.framework in Frameworks */ = {isa = PBXBuildFile; fileRef = 6BFF258C1B5E364D002364F9 /* MediaPlayer.framework */; };
		6BFF258F1B5E3655002364F9 /* Security.framework in Frameworks */ = {isa = PBXBuildFile; fileRef = 6BFF258E1B5E3655002364F9 /* Security.framework */; };
		6BFF25911B5E366C002364F9 /* UIKit.framework in Frameworks */ = {isa = PBXBuildFile; fileRef = 6BFF25901B5E366C002364F9 /* UIKit.framework */; };
		CE790C3B1C289490000CA0DE /* SignIn.storyboard in Resources */ = {isa = PBXBuildFile; fileRef = CE790C371C289490000CA0DE /* SignIn.storyboard */; };
		CE790C3E1C2894A9000CA0DE /* Main.storyboard in Resources */ = {isa = PBXBuildFile; fileRef = CE790C3D1C2894A9000CA0DE /* Main.storyboard */; };
		CE790C461C2894CC000CA0DE /* Images.xcassets in Resources */ = {isa = PBXBuildFile; fileRef = CE790C451C2894CC000CA0DE /* Images.xcassets */; };
		CE7D92131BEB3764002F8AE0 /* SystemConfiguration.framework in Frameworks */ = {isa = PBXBuildFile; fileRef = CE7D92121BEB3764002F8AE0 /* SystemConfiguration.framework */; };
		CED33FE51BB49B3D00B357CE /* Launch Screen.storyboard in Resources */ = {isa = PBXBuildFile; fileRef = CED33FE41BB49B3D00B357CE /* Launch Screen.storyboard */; };
		CEF516AD1C5D9B68001757C8 /* StoreKit.framework in Frameworks */ = {isa = PBXBuildFile; fileRef = CEF516AC1C5D9B68001757C8 /* StoreKit.framework */; };
/* End PBXBuildFile section */

/* Begin PBXCopyFilesBuildPhase section */
		17FCEC581C961834006EA44F /* Embed Frameworks */ = {
			isa = PBXCopyFilesBuildPhase;
			buildActionMask = 2147483647;
			dstPath = "";
			dstSubfolderSpec = 10;
			files = (
				17FCEC8C1C993A67006EA44F /* (null) in Embed Frameworks */,
				17FCEC881C993A67006EA44F /* (null) in Embed Frameworks */,
				17FCEC8A1C993A67006EA44F /* (null) in Embed Frameworks */,
				17FCEC821C993A67006EA44F /* AWSCore.framework in Embed Frameworks */,
				17FCEC861C993A67006EA44F /* (null) in Embed Frameworks */,
				17FCEC841C993A67006EA44F /* (null) in Embed Frameworks */,
			);
			name = "Embed Frameworks";
			runOnlyForDeploymentPostprocessing = 0;
		};
/* End PBXCopyFilesBuildPhase section */

/* Begin PBXFileReference section */
		1738CB9E1C6D4100009F8FA4 /* SignInViewController.swift */ = {isa = PBXFileReference; fileEncoding = 4; lastKnownFileType = sourcecode.swift; name = SignInViewController.swift; path = MySampleApp/App/SignIn/SignInViewController.swift; sourceTree = SOURCE_ROOT; };
		1738CBC01C6E87A0009F8FA4 /* AppDelegate.swift */ = {isa = PBXFileReference; fileEncoding = 4; lastKnownFileType = sourcecode.swift; name = AppDelegate.swift; path = App/AppDelegate.swift; sourceTree = "<group>"; };
		17A58F8C1C7D14A8005B5F6B /* UtilityFunctions.swift */ = {isa = PBXFileReference; fileEncoding = 4; lastKnownFileType = sourcecode.swift; name = UtilityFunctions.swift; path = App/UtilityFunctions.swift; sourceTree = "<group>"; };
		17FCEC651C97727F006EA44F /* libz.tbd */ = {isa = PBXFileReference; lastKnownFileType = "sourcecode.text-based-dylib-definition"; name = libz.tbd; path = usr/lib/libz.tbd; sourceTree = SDKROOT; };
		17FCEC671C977287006EA44F /* libsqlite3.tbd */ = {isa = PBXFileReference; lastKnownFileType = "sourcecode.text-based-dylib-definition"; name = libsqlite3.tbd; path = usr/lib/libsqlite3.tbd; sourceTree = SDKROOT; };
		17FCEC6C1C989083006EA44F /* AWSMobileClient.swift */ = {isa = PBXFileReference; fileEncoding = 4; lastKnownFileType = sourcecode.swift; path = AWSMobileClient.swift; sourceTree = "<group>"; };
		17FCEC731C993975006EA44F /* AWSMobileHubHelper.framework */ = {isa = PBXFileReference; lastKnownFileType = wrapper.framework; path = AWSMobileHubHelper.framework; sourceTree = "<group>"; };
		17FCEC751C993A01006EA44F /* AWSCore.framework */ = {isa = PBXFileReference; lastKnownFileType = wrapper.framework; name = AWSCore.framework; path = MySampleApp/Sdk/Aws/AWSCore.framework; sourceTree = "<group>"; };
		6B443C491B5DB06200406B17 /* LoginExample.app */ = {isa = PBXFileReference; explicitFileType = wrapper.application; includeInIndex = 0; path = LoginExample.app; sourceTree = BUILT_PRODUCTS_DIR; };
		6BCB928C1BAF889F00475B9E /* CoreMotion.framework */ = {isa = PBXFileReference; lastKnownFileType = wrapper.framework; name = CoreMotion.framework; path = System/Library/Frameworks/CoreMotion.framework; sourceTree = SDKROOT; };
		6BCB92901BAF88D600475B9E /* CoreLocation.framework */ = {isa = PBXFileReference; lastKnownFileType = wrapper.framework; name = CoreLocation.framework; path = System/Library/Frameworks/CoreLocation.framework; sourceTree = SDKROOT; };
		6BCB92921BAF896700475B9E /* AddressBook.framework */ = {isa = PBXFileReference; lastKnownFileType = wrapper.framework; name = AddressBook.framework; path = System/Library/Frameworks/AddressBook.framework; sourceTree = SDKROOT; };
		6BFF25801B5E360F002364F9 /* AssetsLibrary.framework */ = {isa = PBXFileReference; lastKnownFileType = wrapper.framework; name = AssetsLibrary.framework; path = System/Library/Frameworks/AssetsLibrary.framework; sourceTree = SDKROOT; };
		6BFF25821B5E3617002364F9 /* Foundation.framework */ = {isa = PBXFileReference; lastKnownFileType = wrapper.framework; name = Foundation.framework; path = System/Library/Frameworks/Foundation.framework; sourceTree = SDKROOT; };
		6BFF258C1B5E364D002364F9 /* MediaPlayer.framework */ = {isa = PBXFileReference; lastKnownFileType = wrapper.framework; name = MediaPlayer.framework; path = System/Library/Frameworks/MediaPlayer.framework; sourceTree = SDKROOT; };
		6BFF258E1B5E3655002364F9 /* Security.framework */ = {isa = PBXFileReference; lastKnownFileType = wrapper.framework; name = Security.framework; path = System/Library/Frameworks/Security.framework; sourceTree = SDKROOT; };
		6BFF25901B5E366C002364F9 /* UIKit.framework */ = {isa = PBXFileReference; lastKnownFileType = wrapper.framework; name = UIKit.framework; path = System/Library/Frameworks/UIKit.framework; sourceTree = SDKROOT; };
		CE790C381C289490000CA0DE /* en */ = {isa = PBXFileReference; lastKnownFileType = file.storyboard; name = en; path = SignIn.storyboard; sourceTree = "<group>"; };
		CE790C3D1C2894A9000CA0DE /* Main.storyboard */ = {isa = PBXFileReference; fileEncoding = 4; lastKnownFileType = file.storyboard; name = Main.storyboard; path = App/Main.storyboard; sourceTree = "<group>"; };
		CE790C451C2894CC000CA0DE /* Images.xcassets */ = {isa = PBXFileReference; lastKnownFileType = folder.assetcatalog; name = Images.xcassets; path = App/Images.xcassets; sourceTree = "<group>"; };
		CE790C471C2894DE000CA0DE /* Info.plist */ = {isa = PBXFileReference; fileEncoding = 4; lastKnownFileType = text.plist.xml; name = Info.plist; path = App/Info.plist; sourceTree = "<group>"; };
		CE7D92121BEB3764002F8AE0 /* SystemConfiguration.framework */ = {isa = PBXFileReference; lastKnownFileType = wrapper.framework; name = SystemConfiguration.framework; path = System/Library/Frameworks/SystemConfiguration.framework; sourceTree = SDKROOT; };
		CED33FE41BB49B3D00B357CE /* Launch Screen.storyboard */ = {isa = PBXFileReference; fileEncoding = 4; lastKnownFileType = file.storyboard; name = "Launch Screen.storyboard"; path = "App/Launch Screen.storyboard"; sourceTree = "<group>"; };
		CEF516AC1C5D9B68001757C8 /* StoreKit.framework */ = {isa = PBXFileReference; lastKnownFileType = wrapper.framework; name = StoreKit.framework; path = System/Library/Frameworks/StoreKit.framework; sourceTree = SDKROOT; };
/* End PBXFileReference section */

/* Begin PBXFrameworksBuildPhase section */
		6B443C461B5DB06200406B17 /* Frameworks */ = {
			isa = PBXFrameworksBuildPhase;
			buildActionMask = 2147483647;
			files = (
				17FCEC681C977287006EA44F /* libsqlite3.tbd in Frameworks */,
				17FCEC661C97727F006EA44F /* libz.tbd in Frameworks */,
				CEF516AD1C5D9B68001757C8 /* StoreKit.framework in Frameworks */,
				CE7D92131BEB3764002F8AE0 /* SystemConfiguration.framework in Frameworks */,
				6BFF25831B5E3617002364F9 /* Foundation.framework in Frameworks */,
				6BFF25911B5E366C002364F9 /* UIKit.framework in Frameworks */,
				6BCB92931BAF896700475B9E /* AddressBook.framework in Frameworks */,
				6BCB92911BAF88D600475B9E /* CoreLocation.framework in Frameworks */,
				6BCB928D1BAF889F00475B9E /* CoreMotion.framework in Frameworks */,
				6BFF258F1B5E3655002364F9 /* Security.framework in Frameworks */,
				6BFF258D1B5E364D002364F9 /* MediaPlayer.framework in Frameworks */,
				6BFF25811B5E360F002364F9 /* AssetsLibrary.framework in Frameworks */,
				17FCEC811C993A67006EA44F /* AWSCore.framework in Frameworks */,
				17FCEC741C993975006EA44F /* AWSMobileHubHelper.framework in Frameworks */,
			);
			runOnlyForDeploymentPostprocessing = 0;
		};
/* End PBXFrameworksBuildPhase section */

/* Begin PBXGroup section */
		17A58F8B1C7D1491005B5F6B /* Utility */ = {
			isa = PBXGroup;
			children = (
				17A58F8C1C7D14A8005B5F6B /* UtilityFunctions.swift */,
			);
			name = Utility;
			sourceTree = "<group>";
		};
		17FCEC6A1C989083006EA44F /* AmazonAws */ = {
			isa = PBXGroup;
			children = (
				17FCEC731C993975006EA44F /* AWSMobileHubHelper.framework */,
				17FCEC6C1C989083006EA44F /* AWSMobileClient.swift */,
			);
			path = AmazonAws;
			sourceTree = "<group>";
		};
		6B0502F41B8BD99500DA1F24 /* SignIn */ = {
			isa = PBXGroup;
			children = (
				CE790C371C289490000CA0DE /* SignIn.storyboard */,
				1738CB9E1C6D4100009F8FA4 /* SignInViewController.swift */,
			);
			name = SignIn;
			path = app/signin;
			sourceTree = "<group>";
		};
		6B281C291B6A7FDA002FCF4F /* App */ = {
			isa = PBXGroup;
			children = (
				17A58F8B1C7D1491005B5F6B /* Utility */,
				6B0502F41B8BD99500DA1F24 /* SignIn */,
				CE790C3D1C2894A9000CA0DE /* Main.storyboard */,
				CED33FE41BB49B3D00B357CE /* Launch Screen.storyboard */,
				1738CBC01C6E87A0009F8FA4 /* AppDelegate.swift */,
				CE790C451C2894CC000CA0DE /* Images.xcassets */,
				6B443C4C1B5DB06200406B17 /* Supporting Files */,
			);
			name = App;
			sourceTree = "<group>";
		};
		6B443C401B5DB06200406B17 = {
			isa = PBXGroup;
			children = (
				6B443C4B1B5DB06200406B17 /* LoginExample */,
				6B443C891B5DD94700406B17 /* Frameworks */,
				6B443C4A1B5DB06200406B17 /* Products */,
			);
			sourceTree = "<group>";
		};
		6B443C4A1B5DB06200406B17 /* Products */ = {
			isa = PBXGroup;
			children = (
				6B443C491B5DB06200406B17 /* LoginExample.app */,
			);
			name = Products;
			sourceTree = "<group>";
		};
		6B443C4B1B5DB06200406B17 /* LoginExample */ = {
			isa = PBXGroup;
			children = (
				6B281C291B6A7FDA002FCF4F /* App */,
				17FCEC6A1C989083006EA44F /* AmazonAws */,
			);
			name = LoginExample;
			path = MySampleApp;
			sourceTree = "<group>";
		};
		6B443C4C1B5DB06200406B17 /* Supporting Files */ = {
			isa = PBXGroup;
			children = (
				CE790C471C2894DE000CA0DE /* Info.plist */,
			);
			name = "Supporting Files";
			sourceTree = "<group>";
		};
		6B443C891B5DD94700406B17 /* Frameworks */ = {
			isa = PBXGroup;
			children = (
				17FCEC751C993A01006EA44F /* AWSCore.framework */,
				17FCEC671C977287006EA44F /* libsqlite3.tbd */,
				17FCEC651C97727F006EA44F /* libz.tbd */,
				CEF516AC1C5D9B68001757C8 /* StoreKit.framework */,
				6BCB92921BAF896700475B9E /* AddressBook.framework */,
				6BFF25801B5E360F002364F9 /* AssetsLibrary.framework */,
				6BCB92901BAF88D600475B9E /* CoreLocation.framework */,
				6BCB928C1BAF889F00475B9E /* CoreMotion.framework */,
				6BFF25821B5E3617002364F9 /* Foundation.framework */,
				6BFF258C1B5E364D002364F9 /* MediaPlayer.framework */,
				6BFF258E1B5E3655002364F9 /* Security.framework */,
				CE7D92121BEB3764002F8AE0 /* SystemConfiguration.framework */,
				6BFF25901B5E366C002364F9 /* UIKit.framework */,
			);
			name = Frameworks;
			sourceTree = "<group>";
		};
/* End PBXGroup section */

/* Begin PBXNativeTarget section */
		6B443C481B5DB06200406B17 /* LoginExample */ = {
			isa = PBXNativeTarget;
			buildConfigurationList = 6B443C6C1B5DB06200406B17 /* Build configuration list for PBXNativeTarget "LoginExample" */;
			buildPhases = (
				66246E331C0D061B00152907 /* ShellScript */,
				6B443C451B5DB06200406B17 /* Sources */,
				6B443C461B5DB06200406B17 /* Frameworks */,
				6B443C471B5DB06200406B17 /* Resources */,
				17FCEC581C961834006EA44F /* Embed Frameworks */,
			);
			buildRules = (
			);
			dependencies = (
			);
			name = LoginExample;
			productName = MySampleApp;
			productReference = 6B443C491B5DB06200406B17 /* LoginExample.app */;
			productType = "com.apple.product-type.application";
		};
/* End PBXNativeTarget section */

/* Begin PBXProject section */
		6B443C411B5DB06200406B17 /* Project object */ = {
			isa = PBXProject;
			attributes = {
				LastSwiftUpdateCheck = 0720;
				LastUpgradeCheck = 0720;
				ORGANIZATIONNAME = Amazon;
				TargetAttributes = {
					6B443C481B5DB06200406B17 = {
						CreatedOnToolsVersion = 6.4;
						DevelopmentTeam = ZU3FXG2HRW;
					};
				};
			};
			buildConfigurationList = 6B443C441B5DB06200406B17 /* Build configuration list for PBXProject "LoginExample" */;
			compatibilityVersion = "Xcode 3.2";
			developmentRegion = English;
			hasScannedForEncodings = 0;
			knownRegions = (
				en,
				Base,
			);
			mainGroup = 6B443C401B5DB06200406B17;
			productRefGroup = 6B443C4A1B5DB06200406B17 /* Products */;
			projectDirPath = "";
			projectRoot = "";
			targets = (
				6B443C481B5DB06200406B17 /* LoginExample */,
			);
		};
/* End PBXProject section */

/* Begin PBXResourcesBuildPhase section */
		6B443C471B5DB06200406B17 /* Resources */ = {
			isa = PBXResourcesBuildPhase;
			buildActionMask = 2147483647;
			files = (
				CED33FE51BB49B3D00B357CE /* Launch Screen.storyboard in Resources */,
				CE790C3E1C2894A9000CA0DE /* Main.storyboard in Resources */,
				CE790C3B1C289490000CA0DE /* SignIn.storyboard in Resources */,
				CE790C461C2894CC000CA0DE /* Images.xcassets in Resources */,
			);
			runOnlyForDeploymentPostprocessing = 0;
		};
/* End PBXResourcesBuildPhase section */

/* Begin PBXShellScriptBuildPhase section */
		66246E331C0D061B00152907 /* ShellScript */ = {
			isa = PBXShellScriptBuildPhase;
			buildActionMask = 2147483647;
			files = (
			);
			inputPaths = (
			);
			outputPaths = (
			);
			runOnlyForDeploymentPostprocessing = 0;
			shellPath = /bin/sh;
			shellScript = "FILE=${SRCROOT}/MySampleApp/Sdk/CheckXcodeVersion.sh\nif [ -e $FILE ]; then\n    $FILE\nfi";
		};
/* End PBXShellScriptBuildPhase section */

/* Begin PBXSourcesBuildPhase section */
		6B443C451B5DB06200406B17 /* Sources */ = {
			isa = PBXSourcesBuildPhase;
			buildActionMask = 2147483647;
			files = (
				17FCEC6F1C989083006EA44F /* AWSMobileClient.swift in Sources */,
				1738CB9F1C6D4100009F8FA4 /* SignInViewController.swift in Sources */,
				1738CBC11C6E87A0009F8FA4 /* AppDelegate.swift in Sources */,
				17A58F8D1C7D14A8005B5F6B /* UtilityFunctions.swift in Sources */,
			);
			runOnlyForDeploymentPostprocessing = 0;
		};
/* End PBXSourcesBuildPhase section */

/* Begin PBXVariantGroup section */
		CE790C371C289490000CA0DE /* SignIn.storyboard */ = {
			isa = PBXVariantGroup;
			children = (
				CE790C381C289490000CA0DE /* en */,
			);
			name = SignIn.storyboard;
			path = ../../App/SignIn/en.lproj;
			sourceTree = "<group>";
		};
/* End PBXVariantGroup section */

/* Begin XCBuildConfiguration section */
		6B443C6A1B5DB06200406B17 /* Debug */ = {
			isa = XCBuildConfiguration;
			buildSettings = {
				ALWAYS_SEARCH_USER_PATHS = NO;
				CLANG_CXX_LANGUAGE_STANDARD = "gnu++0x";
				CLANG_CXX_LIBRARY = "libc++";
				CLANG_ENABLE_MODULES = YES;
				CLANG_ENABLE_OBJC_ARC = YES;
				CLANG_WARN_BOOL_CONVERSION = YES;
				CLANG_WARN_CONSTANT_CONVERSION = YES;
				CLANG_WARN_DIRECT_OBJC_ISA_USAGE = YES_ERROR;
				CLANG_WARN_EMPTY_BODY = YES;
				CLANG_WARN_ENUM_CONVERSION = YES;
				CLANG_WARN_INT_CONVERSION = YES;
				CLANG_WARN_OBJC_ROOT_CLASS = YES_ERROR;
				CLANG_WARN_UNREACHABLE_CODE = YES;
				CLANG_WARN__DUPLICATE_METHOD_MATCH = YES;
				"CODE_SIGN_IDENTITY[sdk=iphoneos*]" = "iPhone Developer";
				COPY_PHASE_STRIP = NO;
				DEBUG_INFORMATION_FORMAT = "dwarf-with-dsym";
				ENABLE_STRICT_OBJC_MSGSEND = YES;
				ENABLE_TESTABILITY = YES;
				GCC_C_LANGUAGE_STANDARD = gnu99;
				GCC_DYNAMIC_NO_PIC = NO;
				GCC_NO_COMMON_BLOCKS = YES;
				GCC_OPTIMIZATION_LEVEL = 0;
				GCC_PREPROCESSOR_DEFINITIONS = (
					"DEBUG=1",
					"$(inherited)",
				);
				GCC_SYMBOLS_PRIVATE_EXTERN = NO;
				GCC_WARN_64_TO_32_BIT_CONVERSION = YES;
				GCC_WARN_ABOUT_RETURN_TYPE = YES_ERROR;
				GCC_WARN_UNDECLARED_SELECTOR = YES;
				GCC_WARN_UNINITIALIZED_AUTOS = YES_AGGRESSIVE;
				GCC_WARN_UNUSED_FUNCTION = YES;
				GCC_WARN_UNUSED_VARIABLE = YES;
				IPHONEOS_DEPLOYMENT_TARGET = 8.0;
				MTL_ENABLE_DEBUG_INFO = YES;
				ONLY_ACTIVE_ARCH = YES;
				OTHER_LDFLAGS = "$(OTHER_LDFLAGS)";
				SDKROOT = iphoneos;
				SWIFT_INSTALL_OBJC_HEADER = NO;
				TARGETED_DEVICE_FAMILY = "1,2";
			};
			name = Debug;
		};
		6B443C6B1B5DB06200406B17 /* Release */ = {
			isa = XCBuildConfiguration;
			buildSettings = {
				ALWAYS_SEARCH_USER_PATHS = NO;
				CLANG_CXX_LANGUAGE_STANDARD = "gnu++0x";
				CLANG_CXX_LIBRARY = "libc++";
				CLANG_ENABLE_MODULES = YES;
				CLANG_ENABLE_OBJC_ARC = YES;
				CLANG_WARN_BOOL_CONVERSION = YES;
				CLANG_WARN_CONSTANT_CONVERSION = YES;
				CLANG_WARN_DIRECT_OBJC_ISA_USAGE = YES_ERROR;
				CLANG_WARN_EMPTY_BODY = YES;
				CLANG_WARN_ENUM_CONVERSION = YES;
				CLANG_WARN_INT_CONVERSION = YES;
				CLANG_WARN_OBJC_ROOT_CLASS = YES_ERROR;
				CLANG_WARN_UNREACHABLE_CODE = YES;
				CLANG_WARN__DUPLICATE_METHOD_MATCH = YES;
				"CODE_SIGN_IDENTITY[sdk=iphoneos*]" = "iPhone Developer";
				COPY_PHASE_STRIP = NO;
				DEBUG_INFORMATION_FORMAT = "dwarf-with-dsym";
				ENABLE_NS_ASSERTIONS = NO;
				ENABLE_STRICT_OBJC_MSGSEND = YES;
				GCC_C_LANGUAGE_STANDARD = gnu99;
				GCC_NO_COMMON_BLOCKS = YES;
				GCC_WARN_64_TO_32_BIT_CONVERSION = YES;
				GCC_WARN_ABOUT_RETURN_TYPE = YES_ERROR;
				GCC_WARN_UNDECLARED_SELECTOR = YES;
				GCC_WARN_UNINITIALIZED_AUTOS = YES_AGGRESSIVE;
				GCC_WARN_UNUSED_FUNCTION = YES;
				GCC_WARN_UNUSED_VARIABLE = YES;
				IPHONEOS_DEPLOYMENT_TARGET = 8.0;
				MTL_ENABLE_DEBUG_INFO = NO;
				OTHER_LDFLAGS = "$(OTHER_LDFLAGS)";
				SDKROOT = iphoneos;
				SWIFT_INSTALL_OBJC_HEADER = NO;
				TARGETED_DEVICE_FAMILY = "1,2";
				VALIDATE_PRODUCT = YES;
			};
			name = Release;
		};
		6B443C6D1B5DB06200406B17 /* Debug */ = {
			isa = XCBuildConfiguration;
			buildSettings = {
				ASSETCATALOG_COMPILER_APPICON_NAME = AppIcon;
				CLANG_ENABLE_MODULES = YES;
				CODE_SIGN_IDENTITY = "iPhone Developer";
				ENABLE_BITCODE = NO;
				FRAMEWORK_SEARCH_PATHS = (
					"$(inherited)",
					"$(PROJECT_DIR)",
					"$(PROJECT_DIR)/MySampleApp/Sdk/**",
					"$(PROJECT_DIR)/MySampleApp/AmazonAws",
					"$(PROJECT_DIR)/MySampleApp/Sdk/Aws",
				);
				INFOPLIST_FILE = "$(SRCROOT)/MySampleApp/App/Info.plist";
				IPHONEOS_DEPLOYMENT_TARGET = 8.0;
				LD_RUNPATH_SEARCH_PATHS = "$(inherited) @executable_path/Frameworks";
				ONLY_ACTIVE_ARCH = YES;
				PRODUCT_BUNDLE_IDENTIFIER = com.harding.loginExample;
				PRODUCT_NAME = LoginExample;
				SWIFT_INSTALL_OBJC_HEADER = NO;
				SWIFT_OPTIMIZATION_LEVEL = "-Onone";
				TARGETED_DEVICE_FAMILY = "1,2";
				VALID_ARCHS = "arm64 armv7 armv7s";
			};
			name = Debug;
		};
		6B443C6E1B5DB06200406B17 /* Release */ = {
			isa = XCBuildConfiguration;
			buildSettings = {
				ASSETCATALOG_COMPILER_APPICON_NAME = AppIcon;
				CLANG_ENABLE_MODULES = YES;
				CODE_SIGN_IDENTITY = "iPhone Developer";
				ENABLE_BITCODE = NO;
				FRAMEWORK_SEARCH_PATHS = (
					"$(inherited)",
					"$(PROJECT_DIR)",
					"$(PROJECT_DIR)/MySampleApp/Sdk/**",
					"$(PROJECT_DIR)/MySampleApp/AmazonAws",
					"$(PROJECT_DIR)/MySampleApp/Sdk/Aws",
				);
				INFOPLIST_FILE = "$(SRCROOT)/MySampleApp/App/Info.plist";
				IPHONEOS_DEPLOYMENT_TARGET = 8.0;
				LD_RUNPATH_SEARCH_PATHS = "$(inherited) @executable_path/Frameworks";
				ONLY_ACTIVE_ARCH = NO;
				PRODUCT_BUNDLE_IDENTIFIER = com.harding.loginExample;
				PRODUCT_NAME = LoginExample;
				SWIFT_INSTALL_OBJC_HEADER = NO;
				TARGETED_DEVICE_FAMILY = "1,2";
				VALID_ARCHS = "arm64 armv7 armv7s";
			};
			name = Release;
		};
/* End XCBuildConfiguration section */

/* Begin XCConfigurationList section */
		6B443C441B5DB06200406B17 /* Build configuration list for PBXProject "LoginExample" */ = {
			isa = XCConfigurationList;
			buildConfigurations = (
				6B443C6A1B5DB06200406B17 /* Debug */,
				6B443C6B1B5DB06200406B17 /* Release */,
			);
			defaultConfigurationIsVisible = 0;
			defaultConfigurationName = Release;
		};
		6B443C6C1B5DB06200406B17 /* Build configuration list for PBXNativeTarget "LoginExample" */ = {
			isa = XCConfigurationList;
			buildConfigurations = (
				6B443C6D1B5DB06200406B17 /* Debug */,
				6B443C6E1B5DB06200406B17 /* Release */,
			);
			defaultConfigurationIsVisible = 0;
			defaultConfigurationName = Release;
		};
/* End XCConfigurationList section */
	};
	rootObject = 6B443C411B5DB06200406B17 /* Project object */;
}
